
Microsoft Visual Studio Solution File, Format Version 12.00
# Visual Studio 15
VisualStudioVersion = 15.0.27130.2024
MinimumVisualStudioVersion = 10.0.40219.1
Project("{9A19103F-16F7-4668-BE54-9A1E7A4F7556}") = "GraphConsoleApp1", "GraphConsoleApp1.csproj", "{0147457E-4936-4AF8-BFBD-BEDD57436940}"
EndProject
Global
	GlobalSection(SolutionConfigurationPlatforms) = preSolution
		Debug|Any CPU = Debug|Any CPU
		Release|Any CPU = Release|Any CPU
	EndGlobalSection
	GlobalSection(ProjectConfigurationPlatforms) = postSolution
		{0147457E-4936-4AF8-BFBD-BEDD57436940}.Debug|Any CPU.ActiveCfg = Debug|Any CPU
		{0147457E-4936-4AF8-BFBD-BEDD57436940}.Debug|Any CPU.Build.0 = Debug|Any CPU
		{0147457E-4936-4AF8-BFBD-BEDD57436940}.Release|Any CPU.ActiveCfg = Release|Any CPU
		{0147457E-4936-4AF8-BFBD-BEDD57436940}.Release|Any CPU.Build.0 = Release|Any CPU
	EndGlobalSection
	GlobalSection(SolutionProperties) = preSolution
		HideSolutionNode = FALSE
	EndGlobalSection
	GlobalSection(ExtensibilityGlobals) = postSolution
		SolutionGuid = {ACB01F64-2956-47E2-918A-840295BA1712}
	EndGlobalSection
EndGlobal
